{
  "name": "Examples",
  "lockfileVersion": 2,
  "requires": true,
  "packages": {
    "": {
      "dependencies": {
        "talkr-apng": "^0.0.5"
      }
    },
    "node_modules/talkr-apng": {
      "version": "0.0.5",
      "resolved": "https://registry.npmjs.org/talkr-apng/-/talkr-apng-0.0.5.tgz",
      "integrity": "sha512-bL52nm1to0ooTYe4R7zMRIcvDmiOke+i6sOtkUzWzrScyFVNTG8ZMg58NDtw2nk6d5h4XCXuqMrsYkwP6UGoJQ=="
    }
  },
  "dependencies": {
    "talkr-apng": {
      "version": "0.0.5",
      "resolved": "https://registry.npmjs.org/talkr-apng/-/talkr-apng-0.0.5.tgz",
      "integrity": "sha512-bL52nm1to0ooTYe4R7zMRIcvDmiOke+i6sOtkUzWzrScyFVNTG8ZMg58NDtw2nk6d5h4XCXuqMrsYkwP6UGoJQ=="
    }
  }
}
